
Microsoft Visual Studio Solution File, Format Version 12.00
# Visual Studio Version 17
VisualStudioVersion = 17.7.34202.233
MinimumVisualStudioVersion = 10.0.40219.1
Project("{FAE04EC0-301F-11D3-BF4B-00C04F79EFBC}") = "gestion_de_biblios", "gestion_de_biblios\gestion_de_biblios.csproj", "{0A17F9D6-17A6-4645-8E34-3D6E20837A36}"
EndProject
Global
	GlobalSection(SolutionConfigurationPlatforms) = preSolution
		Debug|Any CPU = Debug|Any CPU
		Release|Any CPU = Release|Any CPU
	EndGlobalSection
	GlobalSection(ProjectConfigurationPlatforms) = postSolution
		{0A17F9D6-17A6-4645-8E34-3D6E20837A36}.Debug|Any CPU.ActiveCfg = Debug|Any CPU
		{0A17F9D6-17A6-4645-8E34-3D6E20837A36}.Debug|Any CPU.Build.0 = Debug|Any CPU
		{0A17F9D6-17A6-4645-8E34-3D6E20837A36}.Release|Any CPU.ActiveCfg = Release|Any CPU
		{0A17F9D6-17A6-4645-8E34-3D6E20837A36}.Release|Any CPU.Build.0 = Release|Any CPU
	EndGlobalSection
	GlobalSection(SolutionProperties) = preSolution
		HideSolutionNode = FALSE
	EndGlobalSection
	GlobalSection(ExtensibilityGlobals) = postSolution
		SolutionGuid = {5FE9B199-E489-4D71-B936-CD8C461490B2}
	EndGlobalSection
EndGlobal
